
Microsoft Visual Studio Solution File, Format Version 12.00
Project("{FAE04EC0-301F-11D3-BF4B-00C04F79EFBC}") = "Presentation", "Presentation\Presentation.csproj", "{A9311C66-742E-4DFC-AB01-9928526EE6D4}"
EndProject
Project("{2150E333-8FDC-42A3-9474-1A3956D46DE8}") = "Tests", "Tests", "{0041C77A-0E06-4E43-A1C1-20BF9BB7D5B4}"
EndProject
Project("{2150E333-8FDC-42A3-9474-1A3956D46DE8}") = "Presentation", "Presentation", "{1939CD8C-D8C4-49FE-8938-79793F8B3627}"
EndProject
Project("{2150E333-8FDC-42A3-9474-1A3956D46DE8}") = "Application", "Application", "{BEEBFB61-560F-47E1-BAD0-1D8CE93C130D}"
EndProject
Project("{2150E333-8FDC-42A3-9474-1A3956D46DE8}") = "Domain", "Domain", "{A9F2F4F2-4DC6-42FF-A1D0-B6A0F8CAC1DC}"
EndProject
Project("{2150E333-8FDC-42A3-9474-1A3956D46DE8}") = "Infrastructure", "Infrastructure", "{58060075-3EBE-428D-B505-41E6753CFE8A}"
EndProject
Project("{FAE04EC0-301F-11D3-BF4B-00C04F79EFBC}") = "Domain", "Domain\Domain.csproj", "{145AB576-6A2E-4BF1-81AC-05144C7B1BA7}"
EndProject
Project("{FAE04EC0-301F-11D3-BF4B-00C04F79EFBC}") = "Application", "Application\Application.csproj", "{15270437-337E-4AC6-BA8C-2C5E6B386B89}"
EndProject
Project("{FAE04EC0-301F-11D3-BF4B-00C04F79EFBC}") = "Infrastructure", "Infrastructure\Infrastructure.csproj", "{1F3C7FC1-20E8-46EF-A4EF-9EB96732B242}"
EndProject
Project("{FAE04EC0-301F-11D3-BF4B-00C04F79EFBC}") = "Test", "Test\Test.csproj", "{5868EFF1-2A5D-40F5-870E-FC68CB48373F}"
EndProject
Project("{2150E333-8FDC-42A3-9474-1A3956D46DE8}") = "View", "View", "{1060AF41-BE49-42A0-B5B1-13D2631A0EC9}"
EndProject
Project("{FAE04EC0-301F-11D3-BF4B-00C04F79EFBC}") = "View", "View\View.csproj", "{772D1D37-4176-45E8-8375-F0CC9A5C6A63}"
EndProject
Global
	GlobalSection(SolutionConfigurationPlatforms) = preSolution
		Debug|Any CPU = Debug|Any CPU
		Release|Any CPU = Release|Any CPU
	EndGlobalSection
	GlobalSection(ProjectConfigurationPlatforms) = postSolution
		{A9311C66-742E-4DFC-AB01-9928526EE6D4}.Debug|Any CPU.ActiveCfg = Debug|Any CPU
		{A9311C66-742E-4DFC-AB01-9928526EE6D4}.Debug|Any CPU.Build.0 = Debug|Any CPU
		{A9311C66-742E-4DFC-AB01-9928526EE6D4}.Release|Any CPU.ActiveCfg = Release|Any CPU
		{A9311C66-742E-4DFC-AB01-9928526EE6D4}.Release|Any CPU.Build.0 = Release|Any CPU
		{145AB576-6A2E-4BF1-81AC-05144C7B1BA7}.Debug|Any CPU.ActiveCfg = Debug|Any CPU
		{145AB576-6A2E-4BF1-81AC-05144C7B1BA7}.Debug|Any CPU.Build.0 = Debug|Any CPU
		{145AB576-6A2E-4BF1-81AC-05144C7B1BA7}.Release|Any CPU.ActiveCfg = Release|Any CPU
		{145AB576-6A2E-4BF1-81AC-05144C7B1BA7}.Release|Any CPU.Build.0 = Release|Any CPU
		{15270437-337E-4AC6-BA8C-2C5E6B386B89}.Debug|Any CPU.ActiveCfg = Debug|Any CPU
		{15270437-337E-4AC6-BA8C-2C5E6B386B89}.Debug|Any CPU.Build.0 = Debug|Any CPU
		{15270437-337E-4AC6-BA8C-2C5E6B386B89}.Release|Any CPU.ActiveCfg = Release|Any CPU
		{15270437-337E-4AC6-BA8C-2C5E6B386B89}.Release|Any CPU.Build.0 = Release|Any CPU
		{1F3C7FC1-20E8-46EF-A4EF-9EB96732B242}.Debug|Any CPU.ActiveCfg = Debug|Any CPU
		{1F3C7FC1-20E8-46EF-A4EF-9EB96732B242}.Debug|Any CPU.Build.0 = Debug|Any CPU
		{1F3C7FC1-20E8-46EF-A4EF-9EB96732B242}.Release|Any CPU.ActiveCfg = Release|Any CPU
		{1F3C7FC1-20E8-46EF-A4EF-9EB96732B242}.Release|Any CPU.Build.0 = Release|Any CPU
		{5868EFF1-2A5D-40F5-870E-FC68CB48373F}.Debug|Any CPU.ActiveCfg = Debug|Any CPU
		{5868EFF1-2A5D-40F5-870E-FC68CB48373F}.Debug|Any CPU.Build.0 = Debug|Any CPU
		{5868EFF1-2A5D-40F5-870E-FC68CB48373F}.Release|Any CPU.ActiveCfg = Release|Any CPU
		{5868EFF1-2A5D-40F5-870E-FC68CB48373F}.Release|Any CPU.Build.0 = Release|Any CPU
		{772D1D37-4176-45E8-8375-F0CC9A5C6A63}.Debug|Any CPU.ActiveCfg = Debug|Any CPU
		{772D1D37-4176-45E8-8375-F0CC9A5C6A63}.Debug|Any CPU.Build.0 = Debug|Any CPU
		{772D1D37-4176-45E8-8375-F0CC9A5C6A63}.Release|Any CPU.ActiveCfg = Release|Any CPU
		{772D1D37-4176-45E8-8375-F0CC9A5C6A63}.Release|Any CPU.Build.0 = Release|Any CPU
	EndGlobalSection
	GlobalSection(NestedProjects) = preSolution
		{A9311C66-742E-4DFC-AB01-9928526EE6D4} = {1939CD8C-D8C4-49FE-8938-79793F8B3627}
		{145AB576-6A2E-4BF1-81AC-05144C7B1BA7} = {A9F2F4F2-4DC6-42FF-A1D0-B6A0F8CAC1DC}
		{15270437-337E-4AC6-BA8C-2C5E6B386B89} = {BEEBFB61-560F-47E1-BAD0-1D8CE93C130D}
		{1F3C7FC1-20E8-46EF-A4EF-9EB96732B242} = {58060075-3EBE-428D-B505-41E6753CFE8A}
		{5868EFF1-2A5D-40F5-870E-FC68CB48373F} = {0041C77A-0E06-4E43-A1C1-20BF9BB7D5B4}
		{772D1D37-4176-45E8-8375-F0CC9A5C6A63} = {1060AF41-BE49-42A0-B5B1-13D2631A0EC9}
	EndGlobalSection
EndGlobal
