
Microsoft Visual Studio Solution File, Format Version 12.00
Project("{FAE04EC0-301F-11D3-BF4B-00C04F79EFBC}") = "API", "API\API.csproj", "{A9311C66-742E-4DFC-AB01-9928526EE6D4}"
EndProject
Project("{2150E333-8FDC-42A3-9474-1A3956D46DE8}") = "Presentation", "Presentation", "{1939CD8C-D8C4-49FE-8938-79793F8B3627}"
EndProject
Project("{2150E333-8FDC-42A3-9474-1A3956D46DE8}") = "Application", "Application", "{BEEBFB61-560F-47E1-BAD0-1D8CE93C130D}"
EndProject
Project("{2150E333-8FDC-42A3-9474-1A3956D46DE8}") = "Domain", "Domain", "{A9F2F4F2-4DC6-42FF-A1D0-B6A0F8CAC1DC}"
EndProject
Project("{2150E333-8FDC-42A3-9474-1A3956D46DE8}") = "Infrastructure", "Infrastructure", "{58060075-3EBE-428D-B505-41E6753CFE8A}"
EndProject
Project("{FAE04EC0-301F-11D3-BF4B-00C04F79EFBC}") = "Domain", "Domain\Domain.csproj", "{145AB576-6A2E-4BF1-81AC-05144C7B1BA7}"
EndProject
Project("{FAE04EC0-301F-11D3-BF4B-00C04F79EFBC}") = "Application", "Application\Application.csproj", "{15270437-337E-4AC6-BA8C-2C5E6B386B89}"
EndProject
Project("{FAE04EC0-301F-11D3-BF4B-00C04F79EFBC}") = "Infrastructure", "Infrastructure\Infrastructure.csproj", "{1F3C7FC1-20E8-46EF-A4EF-9EB96732B242}"
EndProject
Project("{FAE04EC0-301F-11D3-BF4B-00C04F79EFBC}") = "View", "View\View.csproj", "{772D1D37-4176-45E8-8375-F0CC9A5C6A63}"
EndProject
Project("{2150E333-8FDC-42A3-9474-1A3956D46DE8}") = "Tests", "Tests", "{82E3732C-0794-41BC-9751-E6CEA2EF66AB}"
EndProject
Project("{FAE04EC0-301F-11D3-BF4B-00C04F79EFBC}") = "Tests", "Tests\Tests.csproj", "{F2C56CD3-20D1-41EB-927E-494B23759F42}"
EndProject
Project("{2150E333-8FDC-42A3-9474-1A3956D46DE8}") = "Solution Items", "Solution Items", "{63F83D82-7D98-49D7-9435-5DC3CC943B98}"
	ProjectSection(SolutionItems) = preProject
		compose-view.yaml = compose-view.yaml
		compose-api.yaml = compose-api.yaml
	EndProjectSection
EndProject
Project("{2150E333-8FDC-42A3-9474-1A3956D46DE8}") = "API", "API", "{93FE86D2-B1B5-40EF-96E6-CCF4CA850DBA}"
EndProject
Project("{2150E333-8FDC-42A3-9474-1A3956D46DE8}") = "Common", "Common", "{CF024536-816E-4E19-B04E-8E7B25999E83}"
EndProject
Project("{2150E333-8FDC-42A3-9474-1A3956D46DE8}") = "View", "View", "{D3C90677-FDC1-44B9-8223-EF5C1F4A858C}"
EndProject
Project("{FAE04EC0-301F-11D3-BF4B-00C04F79EFBC}") = "CommonPresentation", "CommonPresentation\CommonPresentation.csproj", "{8758994F-DD26-4B4E-ABE0-B3E4659EF755}"
EndProject
Global
	GlobalSection(SolutionConfigurationPlatforms) = preSolution
		Debug|Any CPU = Debug|Any CPU
		Release|Any CPU = Release|Any CPU
	EndGlobalSection
	GlobalSection(ProjectConfigurationPlatforms) = postSolution
		{A9311C66-742E-4DFC-AB01-9928526EE6D4}.Debug|Any CPU.ActiveCfg = Debug|Any CPU
		{A9311C66-742E-4DFC-AB01-9928526EE6D4}.Debug|Any CPU.Build.0 = Debug|Any CPU
		{A9311C66-742E-4DFC-AB01-9928526EE6D4}.Release|Any CPU.ActiveCfg = Release|Any CPU
		{A9311C66-742E-4DFC-AB01-9928526EE6D4}.Release|Any CPU.Build.0 = Release|Any CPU
		{145AB576-6A2E-4BF1-81AC-05144C7B1BA7}.Debug|Any CPU.ActiveCfg = Debug|Any CPU
		{145AB576-6A2E-4BF1-81AC-05144C7B1BA7}.Debug|Any CPU.Build.0 = Debug|Any CPU
		{145AB576-6A2E-4BF1-81AC-05144C7B1BA7}.Release|Any CPU.ActiveCfg = Release|Any CPU
		{145AB576-6A2E-4BF1-81AC-05144C7B1BA7}.Release|Any CPU.Build.0 = Release|Any CPU
		{15270437-337E-4AC6-BA8C-2C5E6B386B89}.Debug|Any CPU.ActiveCfg = Debug|Any CPU
		{15270437-337E-4AC6-BA8C-2C5E6B386B89}.Debug|Any CPU.Build.0 = Debug|Any CPU
		{15270437-337E-4AC6-BA8C-2C5E6B386B89}.Release|Any CPU.ActiveCfg = Release|Any CPU
		{15270437-337E-4AC6-BA8C-2C5E6B386B89}.Release|Any CPU.Build.0 = Release|Any CPU
		{1F3C7FC1-20E8-46EF-A4EF-9EB96732B242}.Debug|Any CPU.ActiveCfg = Debug|Any CPU
		{1F3C7FC1-20E8-46EF-A4EF-9EB96732B242}.Debug|Any CPU.Build.0 = Debug|Any CPU
		{1F3C7FC1-20E8-46EF-A4EF-9EB96732B242}.Release|Any CPU.ActiveCfg = Release|Any CPU
		{1F3C7FC1-20E8-46EF-A4EF-9EB96732B242}.Release|Any CPU.Build.0 = Release|Any CPU
		{772D1D37-4176-45E8-8375-F0CC9A5C6A63}.Debug|Any CPU.ActiveCfg = Debug|Any CPU
		{772D1D37-4176-45E8-8375-F0CC9A5C6A63}.Debug|Any CPU.Build.0 = Debug|Any CPU
		{772D1D37-4176-45E8-8375-F0CC9A5C6A63}.Release|Any CPU.ActiveCfg = Release|Any CPU
		{772D1D37-4176-45E8-8375-F0CC9A5C6A63}.Release|Any CPU.Build.0 = Release|Any CPU
		{F2C56CD3-20D1-41EB-927E-494B23759F42}.Debug|Any CPU.ActiveCfg = Debug|Any CPU
		{F2C56CD3-20D1-41EB-927E-494B23759F42}.Debug|Any CPU.Build.0 = Debug|Any CPU
		{F2C56CD3-20D1-41EB-927E-494B23759F42}.Release|Any CPU.ActiveCfg = Release|Any CPU
		{F2C56CD3-20D1-41EB-927E-494B23759F42}.Release|Any CPU.Build.0 = Release|Any CPU
		{8758994F-DD26-4B4E-ABE0-B3E4659EF755}.Debug|Any CPU.ActiveCfg = Debug|Any CPU
		{8758994F-DD26-4B4E-ABE0-B3E4659EF755}.Debug|Any CPU.Build.0 = Debug|Any CPU
		{8758994F-DD26-4B4E-ABE0-B3E4659EF755}.Release|Any CPU.ActiveCfg = Release|Any CPU
		{8758994F-DD26-4B4E-ABE0-B3E4659EF755}.Release|Any CPU.Build.0 = Release|Any CPU
	EndGlobalSection
	GlobalSection(NestedProjects) = preSolution
		{145AB576-6A2E-4BF1-81AC-05144C7B1BA7} = {A9F2F4F2-4DC6-42FF-A1D0-B6A0F8CAC1DC}
		{15270437-337E-4AC6-BA8C-2C5E6B386B89} = {BEEBFB61-560F-47E1-BAD0-1D8CE93C130D}
		{1F3C7FC1-20E8-46EF-A4EF-9EB96732B242} = {58060075-3EBE-428D-B505-41E6753CFE8A}
		{F2C56CD3-20D1-41EB-927E-494B23759F42} = {82E3732C-0794-41BC-9751-E6CEA2EF66AB}
		{93FE86D2-B1B5-40EF-96E6-CCF4CA850DBA} = {1939CD8C-D8C4-49FE-8938-79793F8B3627}
		{CF024536-816E-4E19-B04E-8E7B25999E83} = {1939CD8C-D8C4-49FE-8938-79793F8B3627}
		{D3C90677-FDC1-44B9-8223-EF5C1F4A858C} = {1939CD8C-D8C4-49FE-8938-79793F8B3627}
		{A9311C66-742E-4DFC-AB01-9928526EE6D4} = {93FE86D2-B1B5-40EF-96E6-CCF4CA850DBA}
		{772D1D37-4176-45E8-8375-F0CC9A5C6A63} = {D3C90677-FDC1-44B9-8223-EF5C1F4A858C}
		{8758994F-DD26-4B4E-ABE0-B3E4659EF755} = {CF024536-816E-4E19-B04E-8E7B25999E83}
	EndGlobalSection
EndGlobal
